<?xml version="1.0" encoding="utf-8"?>
<Project ToolsVersion="4.0" xmlns="http://schemas.microsoft.com/developer/msbuild/2003">
  <ItemGroup>
    <Filter Include="Source Files">
      <UniqueIdentifier>{4FC737F1-C7A5-4376-A066-2A32D752A2FF}</UniqueIdentifier>
      <Extensions>cpp;c;cc;cxx;def;odl;idl;hpj;bat;asm;asmx</Extensions>
    </Filter>
    <Filter Include="Header Files">
      <UniqueIdentifier>{93995380-89BD-4b04-88EB-625FBE52EBFB}</UniqueIdentifier>
      <Extensions>h;hh;hpp;hxx;hm;inl;inc;xsd</Extensions>
    </Filter>
    <Filter Include="Resource Files">
      <UniqueIdentifier>{67DA6AB6-F800-4c08-8B7A-83BB121AAD01}</UniqueIdentifier>
      <Extensions>rc;ico;cur;bmp;dlg;rc2;rct;bin;rgs;gif;jpg;jpeg;jpe;resx;tiff;tif;png;wav;mfcribbon-ms</Extensions>
    </Filter>
  </ItemGroup>
  <ItemGroup>
    <ClCompile Include="Main.cpp">
      <Filter>Source Files</Filter>
    </ClCompile>
    <ClCompile Include="source\TinyXML\tinystr.cpp">
      <Filter>Resource Files</Filter>
    </ClCompile>
    <ClCompile Include="source\TinyXML\tinyxml.cpp">
      <Filter>Resource Files</Filter>
    </ClCompile>
    <ClCompile Include="source\TinyXML\tinyxmlerror.cpp">
      <Filter>Resource Files</Filter>
    </ClCompile>
    <ClCompile Include="source\TinyXML\tinyxmlparser.cpp">
      <Filter>Resource Files</Filter>
    </ClCompile>
    <ClCompile Include="Entity.cpp">
      <Filter>Source Files</Filter>
    </ClCompile>
    <ClCompile Include="Dragon.cpp">
      <Filter>Source Files</Filter>
    </ClCompile>
    <ClCompile Include="Ankh.cpp">
      <Filter>Source Files</Filter>
    </ClCompile>
    <ClCompile Include="Clock.cpp">
      <Filter>Source Files</Filter>
    </ClCompile>
    <ClCompile Include="Emerald.cpp">
      <Filter>Source Files</Filter>
    </ClCompile>
    <ClCompile Include="Helmets.cpp">
      <Filter>Source Files</Filter>
    </ClCompile>
    <ClCompile Include="KidChameleon.cpp">
      <Filter>Source Files</Filter>
    </ClCompile>
    <ClCompile Include="IronKnight.cpp">
      <Filter>Source Files</Filter>
    </ClCompile>
    <ClCompile Include="Flag.cpp">
      <Filter>Source Files</Filter>
    </ClCompile>
    <ClCompile Include="RockBlock.cpp">
      <Filter>Source Files</Filter>
    </ClCompile>
    <ClCompile Include="RubberBlock.cpp">
      <Filter>Source Files</Filter>
    </ClCompile>
    <ClCompile Include="SteelBlock.cpp">
      <Filter>Source Files</Filter>
    </ClCompile>
    <ClCompile Include="PrizeBlock.cpp">
      <Filter>Source Files</Filter>
    </ClCompile>
    <ClCompile Include="BlockFactory.cpp">
      <Filter>Source Files</Filter>
    </ClCompile>
    <ClCompile Include="EnemyFactory.cpp">
      <Filter>Source Files</Filter>
    </ClCompile>
    <ClCompile Include="PrizeFactory.cpp">
      <Filter>Source Files</Filter>
    </ClCompile>
    <ClCompile Include="Player.cpp">
      <Filter>Source Files</Filter>
    </ClCompile>
    <ClCompile Include="InfoClass.cpp">
      <Filter>Source Files</Filter>
    </ClCompile>
    <ClCompile Include="GameMenu.cpp">
      <Filter>Source Files</Filter>
    </ClCompile>
  </ItemGroup>
  <ItemGroup>
    <ClInclude Include="source\AnimationManager.h">
      <Filter>Header Files</Filter>
    </ClInclude>
    <ClInclude Include="source\Ankh.h">
      <Filter>Header Files</Filter>
    </ClInclude>
    <ClInclude Include="source\BlockFactory.h">
      <Filter>Header Files</Filter>
    </ClInclude>
    <ClInclude Include="source\Blocks.h">
      <Filter>Header Files</Filter>
    </ClInclude>
    <ClInclude Include="source\Clock.h">
      <Filter>Header Files</Filter>
    </ClInclude>
    <ClInclude Include="source\Dragon.h">
      <Filter>Header Files</Filter>
    </ClInclude>
    <ClInclude Include="source\Emerald.h">
      <Filter>Header Files</Filter>
    </ClInclude>
    <ClInclude Include="source\Enemy.h">
      <Filter>Header Files</Filter>
    </ClInclude>
    <ClInclude Include="source\EnemyFactory.h">
      <Filter>Header Files</Filter>
    </ClInclude>
    <ClInclude Include="source\Flag.h">
      <Filter>Header Files</Filter>
    </ClInclude>
    <ClInclude Include="source\Helmets.h">
      <Filter>Header Files</Filter>
    </ClInclude>
    <ClInclude Include="source\InfoClass.h">
      <Filter>Header Files</Filter>
    </ClInclude>
    <ClInclude Include="source\IronKnight.h">
      <Filter>Header Files</Filter>
    </ClInclude>
    <ClInclude Include="source\KidChameleon.h">
      <Filter>Header Files</Filter>
    </ClInclude>
    <ClInclude Include="source\Level.h">
      <Filter>Header Files</Filter>
    </ClInclude>
    <ClInclude Include="source\Player.h">
      <Filter>Header Files</Filter>
    </ClInclude>
    <ClInclude Include="source\PrizeBlock.h">
      <Filter>Header Files</Filter>
    </ClInclude>
    <ClInclude Include="source\PrizeFactory.h">
      <Filter>Header Files</Filter>
    </ClInclude>
    <ClInclude Include="source\Prizes.h">
      <Filter>Header Files</Filter>
    </ClInclude>
    <ClInclude Include="source\RockBlock.h">
      <Filter>Header Files</Filter>
    </ClInclude>
    <ClInclude Include="source\RubberBlock.h">
      <Filter>Header Files</Filter>
    </ClInclude>
    <ClInclude Include="source\SteelBlock.h">
      <Filter>Header Files</Filter>
    </ClInclude>
    <ClInclude Include="resource.h">
      <Filter>Header Files</Filter>
    </ClInclude>
    <ClInclude Include="source\TinyXML\tinystr.h">
      <Filter>Resource Files</Filter>
    </ClInclude>
    <ClInclude Include="source\TinyXML\tinyxml.h">
      <Filter>Resource Files</Filter>
    </ClInclude>
    <ClInclude Include="source\Entity.h">
      <Filter>Header Files</Filter>
    </ClInclude>
    <ClInclude Include="source\GameMenu.h">
      <Filter>Header Files</Filter>
    </ClInclude>
    <ClInclude Include="source\Cronometer.h">
      <Filter>Header Files</Filter>
    </ClInclude>
  </ItemGroup>
  <ItemGroup>
    <None Include="files\Map\Map.tmx">
      <Filter>Resource Files</Filter>
    </None>
    <None Include="ClassDiagram1.cd" />
  </ItemGroup>
  <ItemGroup>
    <Font Include="files\Font\PressStart2P.ttf">
      <Filter>Resource Files</Filter>
    </Font>
  </ItemGroup>
  <ItemGroup>
    <Xml Include="files\XML\ankhXML.xml">
      <Filter>Resource Files</Filter>
    </Xml>
    <Xml Include="files\XML\clockXML.xml">
      <Filter>Resource Files</Filter>
    </Xml>
    <Xml Include="files\XML\destroyPrizeBlockXML.xml">
      <Filter>Resource Files</Filter>
    </Xml>
    <Xml Include="files\XML\destroyZebraXML.xml">
      <Filter>Resource Files</Filter>
    </Xml>
    <Xml Include="files\XML\dragonXML.xml">
      <Filter>Resource Files</Filter>
    </Xml>
    <Xml Include="files\XML\emeraldXML.xml">
      <Filter>Resource Files</Filter>
    </Xml>
    <Xml Include="files\XML\flagXML.xml">
      <Filter>Resource Files</Filter>
    </Xml>
    <Xml Include="files\XML\ironKnightXML.xml">
      <Filter>Resource Files</Filter>
    </Xml>
    <Xml Include="files\XML\RockBlockReadyENDXML.xml">
      <Filter>Resource Files</Filter>
    </Xml>
    <Xml Include="files\XML\rockXML.xml">
      <Filter>Resource Files</Filter>
    </Xml>
    <Xml Include="files\XML\rubberBlockXML.xml">
      <Filter>Resource Files</Filter>
    </Xml>
    <Xml Include="files\XML\steelBlockXML.xml">
      <Filter>Resource Files</Filter>
    </Xml>
    <Xml Include="files\XML\kidChameleonXML.xml">
      <Filter>Resource Files</Filter>
    </Xml>
    <Xml Include="files\PNG\ironLifesXML.xml">
      <Filter>Resource Files</Filter>
    </Xml>
    <Xml Include="files\PNG\kidLifesXML.xml">
      <Filter>Resource Files</Filter>
    </Xml>
  </ItemGroup>
  <ItemGroup>
    <Image Include="files\PNG\ankh.png">
      <Filter>Resource Files</Filter>
    </Image>
    <Image Include="files\PNG\bridge.png">
      <Filter>Resource Files</Filter>
    </Image>
    <Image Include="files\PNG\bushBehind.png">
      <Filter>Resource Files</Filter>
    </Image>
    <Image Include="files\PNG\bushFront.png">
      <Filter>Resource Files</Filter>
    </Image>
    <Image Include="files\PNG\clock.png">
      <Filter>Resource Files</Filter>
    </Image>
    <Image Include="files\PNG\destroyPrizeBlock.png">
      <Filter>Resource Files</Filter>
    </Image>
    <Image Include="files\PNG\dragonPNG.png">
      <Filter>Resource Files</Filter>
    </Image>
    <Image Include="files\PNG\elka.png">
      <Filter>Resource Files</Filter>
    </Image>
    <Image Include="files\PNG\emerald.png">
      <Filter>Resource Files</Filter>
    </Image>
    <Image Include="files\PNG\flag.png">
      <Filter>Resource Files</Filter>
    </Image>
    <Image Include="files\PNG\ground.png">
      <Filter>Resource Files</Filter>
    </Image>
    <Image Include="files\PNG\Map.png">
      <Filter>Resource Files</Filter>
    </Image>
    <Image Include="files\PNG\mount.png">
      <Filter>Resource Files</Filter>
    </Image>
    <Image Include="files\PNG\rock.png">
      <Filter>Resource Files</Filter>
    </Image>
    <Image Include="files\PNG\RockBlockReadyEND.png">
      <Filter>Resource Files</Filter>
    </Image>
    <Image Include="files\PNG\rubber.png">
      <Filter>Resource Files</Filter>
    </Image>
    <Image Include="files\PNG\sky.png">
      <Filter>Resource Files</Filter>
    </Image>
    <Image Include="files\PNG\steel.png">
      <Filter>Resource Files</Filter>
    </Image>
    <Image Include="files\PNG\tree1.png">
      <Filter>Resource Files</Filter>
    </Image>
    <Image Include="files\PNG\tree2.png">
      <Filter>Resource Files</Filter>
    </Image>
    <Image Include="files\PNG\tree3.png">
      <Filter>Resource Files</Filter>
    </Image>
    <Image Include="files\PNG\tree4.png">
      <Filter>Resource Files</Filter>
    </Image>
    <Image Include="files\PNG\CharactersSprites.png">
      <Filter>Resource Files</Filter>
    </Image>
    <Image Include="files\PNG\ironLifes.png">
      <Filter>Resource Files</Filter>
    </Image>
    <Image Include="files\PNG\kidLifes.png">
      <Filter>Resource Files</Filter>
    </Image>
    <Image Include="files\PNG\Menu1.png">
      <Filter>Resource Files</Filter>
    </Image>
    <Image Include="files\PNG\Menu2.png">
      <Filter>Resource Files</Filter>
    </Image>
    <Image Include="files\PNG\Grey.png">
      <Filter>Resource Files</Filter>
    </Image>
  </ItemGroup>
</Project>